
Microsoft Visual Studio Solution File, Format Version 12.00
# Visual Studio Version 17
VisualStudioVersion = 17.14.36429.23 d17.14
MinimumVisualStudioVersion = 10.0.40219.1
Project("{FAE04EC0-301F-11D3-BF4B-00C04F79EFBC}") = "пр 11", "пр 11\пр 11.csproj", "{C958B43E-752C-447C-9A57-5AE9800F62EB}"
EndProject
Global
	GlobalSection(SolutionConfigurationPlatforms) = preSolution
		Debug|Any CPU = Debug|Any CPU
		Release|Any CPU = Release|Any CPU
	EndGlobalSection
	GlobalSection(ProjectConfigurationPlatforms) = postSolution
		{C958B43E-752C-447C-9A57-5AE9800F62EB}.Debug|Any CPU.ActiveCfg = Debug|Any CPU
		{C958B43E-752C-447C-9A57-5AE9800F62EB}.Debug|Any CPU.Build.0 = Debug|Any CPU
		{C958B43E-752C-447C-9A57-5AE9800F62EB}.Release|Any CPU.ActiveCfg = Release|Any CPU
		{C958B43E-752C-447C-9A57-5AE9800F62EB}.Release|Any CPU.Build.0 = Release|Any CPU
	EndGlobalSection
	GlobalSection(SolutionProperties) = preSolution
		HideSolutionNode = FALSE
	EndGlobalSection
	GlobalSection(ExtensibilityGlobals) = postSolution
		SolutionGuid = {304B0CAB-2E9E-4DF2-8217-9CEDFB762ABE}
	EndGlobalSection
EndGlobal
